PODS:
  - AFNetworking (3.1.0):
    - AFNetworking/NSURLSession (= 3.1.0)
    - AFNetworking/Reachability (= 3.1.0)
    - AFNetworking/Security (= 3.1.0)
    - AFNetworking/Serialization (= 3.1.0)
    - AFNetworking/UIKit (= 3.1.0)
  - AFNetworking/NSURLSession (3.1.0):
    - AFNetworking/Reachability
    - AFNetworking/Security
    - AFNetworking/Serialization
  - AFNetworking/Reachability (3.1.0)
  - AFNetworking/Security (3.1.0)
  - AFNetworking/Serialization (3.1.0)
  - AFNetworking/UIKit (3.1.0):
    - AFNetworking/NSURLSession
  - Google-Mobile-Ads-SDK (7.31.0)
  - KIF (3.7.4):
    - KIF/Core (= 3.7.4)
  - KIF/Core (3.7.4)
  - MBProgressHUD (1.1.0)
  - MNALApplink (0.18.2)
  - MNetBaseAdSdk (0.10.16):
    - AFNetworking (= 3.1.0)
    - MNALApplink (= 0.18.2)
    - MNetJSONModeller (= 1.1.6)
  - MNetDfpHbSdk (1.0.12):
    - Google-Mobile-Ads-SDK (>= 7.0)
    - MNetBaseAdSdk (= 0.10.16)
  - MNetJSONModeller (1.1.6)
  - NetworkEye (1.0.6):
    - NetworkEye/standard (= 1.0.6)
  - NetworkEye/standard (1.0.6)
  - Nocilla (0.11.0)
  - Toast (3.1.0)

DEPENDENCIES:
  - KIF (from `https://github.com/kif-framework/KIF.git`, branch `master`)
  - MBProgressHUD
  - MNetDfpHbSdk (from `../`)
  - NetworkEye
  - Nocilla
  - Toast (~> 3.1.0)

SPEC REPOS:
  https://github.com/cocoapods/specs.git:
    - AFNetworking
    - Google-Mobile-Ads-SDK
    - MBProgressHUD
    - NetworkEye
    - Nocilla
    - Toast
  https://github.com/media-net/mnet-pod-specs.git:
    - MNALApplink
    - MNetBaseAdSdk
    - MNetJSONModeller

EXTERNAL SOURCES:
  KIF:
    :branch: master
    :git: https://github.com/kif-framework/KIF.git
  MNetDfpHbSdk:
    :path: "../"

CHECKOUT OPTIONS:
  KIF:
    :commit: 175ddadb76ee2012a4f07a461393bcf77947540e
    :git: https://github.com/kif-framework/KIF.git

SPEC CHECKSUMS:
  AFNetworking: 5e0e199f73d8626b11e79750991f5d173d1f8b67
  Google-Mobile-Ads-SDK: 6e529e748b45507a2ca904e0b5a52669ba3920c4
  KIF: f3d01c109ee9d1cfe6b0f2bb2aa278e807e971e2
  MBProgressHUD: e7baa36a220447d8aeb12769bf0585582f3866d9
  MNALApplink: b5d81e3ee50df79a46581668ee49ed20cf0c726a
  MNetBaseAdSdk: a47347b40a8a42545f5cb191a4489a7f19a98555
  MNetDfpHbSdk: 3789e241dd211b468838858ecb43d7440d9c706b
  MNetJSONModeller: 470c7e65d54ab5732f724bfe23d286d9a5d5fd9c
  NetworkEye: 54afcde161ab50e407445b86abd7350f3cd08533
  Nocilla: 7af7a386071150cc8aa5da4da97d060f049dd61c
  Toast: 14a93686d6c8bfe2727afd342414e35660a8a1f3

PODFILE CHECKSUM: 2c4cc4c71fc5b0da93ca990956d69338391e0427

COCOAPODS: 1.5.3
